
Microsoft Visual Studio Solution File, Format Version 12.00
# Visual Studio Version 16
VisualStudioVersion = 16.0.30804.86
MinimumVisualStudioVersion = 10.0.40219.1
Project("{FAE04EC0-301F-11D3-BF4B-00C04F79EFBC}") = "vftablechecker", "vftablechecker.csproj", "{A8F0C762-C82C-49EA-903F-7B4D10103B10}"
EndProject
Global
	GlobalSection(SolutionConfigurationPlatforms) = preSolution
		Debug|Any CPU = Debug|Any CPU
		Release|Any CPU = Release|Any CPU
	EndGlobalSection
	GlobalSection(ProjectConfigurationPlatforms) = postSolution
		{A8F0C762-C82C-49EA-903F-7B4D10103B10}.Debug|Any CPU.ActiveCfg = Debug|Any CPU
		{A8F0C762-C82C-49EA-903F-7B4D10103B10}.Debug|Any CPU.Build.0 = Debug|Any CPU
		{A8F0C762-C82C-49EA-903F-7B4D10103B10}.Release|Any CPU.ActiveCfg = Release|Any CPU
		{A8F0C762-C82C-49EA-903F-7B4D10103B10}.Release|Any CPU.Build.0 = Release|Any CPU
	EndGlobalSection
	GlobalSection(SolutionProperties) = preSolution
		HideSolutionNode = FALSE
	EndGlobalSection
	GlobalSection(ExtensibilityGlobals) = postSolution
		SolutionGuid = {FACA2F5E-B696-4192-BF53-DF1B5E61DE6C}
	EndGlobalSection
EndGlobal
